
Microsoft Visual Studio Solution File, Format Version 12.00
# Visual Studio Version 17
VisualStudioVersion = 17.8.34330.188
MinimumVisualStudioVersion = 10.0.40219.1
Project("{FAE04EC0-301F-11D3-BF4B-00C04F79EFBC}") = "TaskManager", "TaskManager\TaskManager.csproj", "{3B3B7C8C-C623-4D81-97DB-C01854F97ED4}"
EndProject
Global
	GlobalSection(SolutionConfigurationPlatforms) = preSolution
		Debug|Any CPU = Debug|Any CPU
		Release|Any CPU = Release|Any CPU
	EndGlobalSection
	GlobalSection(ProjectConfigurationPlatforms) = postSolution
		{3B3B7C8C-C623-4D81-97DB-C01854F97ED4}.Debug|Any CPU.ActiveCfg = Debug|Any CPU
		{3B3B7C8C-C623-4D81-97DB-C01854F97ED4}.Debug|Any CPU.Build.0 = Debug|Any CPU
		{3B3B7C8C-C623-4D81-97DB-C01854F97ED4}.Release|Any CPU.ActiveCfg = Release|Any CPU
		{3B3B7C8C-C623-4D81-97DB-C01854F97ED4}.Release|Any CPU.Build.0 = Release|Any CPU
	EndGlobalSection
	GlobalSection(SolutionProperties) = preSolution
		HideSolutionNode = FALSE
	EndGlobalSection
	GlobalSection(ExtensibilityGlobals) = postSolution
		SolutionGuid = {335CF61C-D144-41E2-B886-AE18FC91C35E}
	EndGlobalSection
EndGlobal
